
Microsoft Visual Studio Solution File, Format Version 12.00
# Visual Studio Version 17
VisualStudioVersion = 17.3.32901.215
MinimumVisualStudioVersion = 10.0.40219.1
Project("{FAE04EC0-301F-11D3-BF4B-00C04F79EFBC}") = "WebApi2", "WebApi2.csproj", "{A0B0163B-9E24-4C62-8B73-B5F9048402BC}"
EndProject
Global
	GlobalSection(SolutionConfigurationPlatforms) = preSolution
		Debug|Any CPU = Debug|Any CPU
		Release|Any CPU = Release|Any CPU
	EndGlobalSection
	GlobalSection(ProjectConfigurationPlatforms) = postSolution
		{A0B0163B-9E24-4C62-8B73-B5F9048402BC}.Debug|Any CPU.ActiveCfg = Debug|Any CPU
		{A0B0163B-9E24-4C62-8B73-B5F9048402BC}.Debug|Any CPU.Build.0 = Debug|Any CPU
		{A0B0163B-9E24-4C62-8B73-B5F9048402BC}.Release|Any CPU.ActiveCfg = Release|Any CPU
		{A0B0163B-9E24-4C62-8B73-B5F9048402BC}.Release|Any CPU.Build.0 = Release|Any CPU
	EndGlobalSection
	GlobalSection(SolutionProperties) = preSolution
		HideSolutionNode = FALSE
	EndGlobalSection
	GlobalSection(ExtensibilityGlobals) = postSolution
		SolutionGuid = {B48994E8-5E18-47E5-B248-D6D8C172DA92}
	EndGlobalSection
EndGlobal
